
Microsoft Visual Studio Solution File, Format Version 12.00
# Visual Studio Version 17
VisualStudioVersion = 17.3.32901.215
MinimumVisualStudioVersion = 10.0.40219.1
Project("{9A19103F-16F7-4668-BE54-9A1E7A4F7556}") = "Grafika Komputerowa", "Grafika Komputerowa.csproj", "{1197AEB9-887A-4C2E-9080-349BA0F0205F}"
EndProject
Global
	GlobalSection(SolutionConfigurationPlatforms) = preSolution
		Debug|Any CPU = Debug|Any CPU
		Release|Any CPU = Release|Any CPU
	EndGlobalSection
	GlobalSection(ProjectConfigurationPlatforms) = postSolution
		{1197AEB9-887A-4C2E-9080-349BA0F0205F}.Debug|Any CPU.ActiveCfg = Debug|Any CPU
		{1197AEB9-887A-4C2E-9080-349BA0F0205F}.Debug|Any CPU.Build.0 = Debug|Any CPU
		{1197AEB9-887A-4C2E-9080-349BA0F0205F}.Release|Any CPU.ActiveCfg = Release|Any CPU
		{1197AEB9-887A-4C2E-9080-349BA0F0205F}.Release|Any CPU.Build.0 = Release|Any CPU
	EndGlobalSection
	GlobalSection(SolutionProperties) = preSolution
		HideSolutionNode = FALSE
	EndGlobalSection
	GlobalSection(ExtensibilityGlobals) = postSolution
		SolutionGuid = {C7FA4150-DE84-4DCD-8DE2-9816869A7743}
	EndGlobalSection
EndGlobal
